// !$*UTF8*$!
{
	archiveVersion = 1;
	classes = {
	};
	objectVersion = 46;
	objects = {

/* Begin PBXBuildFile section */
		043FAB621EDB3A8F000F7862 /* AppDelegate.swift in Sources */ = {isa = PBXBuildFile; fileRef = 043FAB611EDB3A8F000F7862 /* AppDelegate.swift */; };
		043FAB671EDB3A8F000F7862 /* Main.storyboard in Resources */ = {isa = PBXBuildFile; fileRef = 043FAB651EDB3A8F000F7862 /* Main.storyboard */; };
		043FAB691EDB3A8F000F7862 /* Assets.xcassets in Resources */ = {isa = PBXBuildFile; fileRef = 043FAB681EDB3A8F000F7862 /* Assets.xcassets */; };
		043FAB6C1EDB3A8F000F7862 /* LaunchScreen.storyboard in Resources */ = {isa = PBXBuildFile; fileRef = 043FAB6A1EDB3A8F000F7862 /* LaunchScreen.storyboard */; };
		043FAB781EDC88D7000F7862 /* AirportListViewController.swift in Sources */ = {isa = PBXBuildFile; fileRef = 043FAB771EDC88D7000F7862 /* AirportListViewController.swift */; };
		0443B5E31EDD737B0090652A /* Airports Data in Resources */ = {isa = PBXBuildFile; fileRef = 0443B5E21EDD737B0090652A /* Airports Data */; };
		049CA2541EDD20030067AAD8 /* AirportCustomTableViewCell.swift in Sources */ = {isa = PBXBuildFile; fileRef = 049CA2531EDD20030067AAD8 /* AirportCustomTableViewCell.swift */; };
		049CA2561EDD2E870067AAD8 /* AirportDetailViewController.swift in Sources */ = {isa = PBXBuildFile; fileRef = 049CA2551EDD2E870067AAD8 /* AirportDetailViewController.swift */; };
/* End PBXBuildFile section */

/* Begin PBXFileReference section */
		043FAB5E1EDB3A8F000F7862 /* HW3.app */ = {isa = PBXFileReference; explicitFileType = wrapper.application; includeInIndex = 0; path = HW3.app; sourceTree = BUILT_PRODUCTS_DIR; };
		043FAB611EDB3A8F000F7862 /* AppDelegate.swift */ = {isa = PBXFileReference; lastKnownFileType = sourcecode.swift; path = AppDelegate.swift; sourceTree = "<group>"; };
		043FAB661EDB3A8F000F7862 /* Base */ = {isa = PBXFileReference; lastKnownFileType = file.storyboard; name = Base; path = Base.lproj/Main.storyboard; sourceTree = "<group>"; };
		043FAB681EDB3A8F000F7862 /* Assets.xcassets */ = {isa = PBXFileReference; lastKnownFileType = folder.assetcatalog; path = Assets.xcassets; sourceTree = "<group>"; };
		043FAB6B1EDB3A8F000F7862 /* Base */ = {isa = PBXFileReference; lastKnownFileType = file.storyboard; name = Base; path = Base.lproj/LaunchScreen.storyboard; sourceTree = "<group>"; };
		043FAB6D1EDB3A8F000F7862 /* Info.plist */ = {isa = PBXFileReference; lastKnownFileType = text.plist.xml; path = Info.plist; sourceTree = "<group>"; };
		043FAB771EDC88D7000F7862 /* AirportListViewController.swift */ = {isa = PBXFileReference; fileEncoding = 4; lastKnownFileType = sourcecode.swift; path = AirportListViewController.swift; sourceTree = "<group>"; };
		0443B5E21EDD737B0090652A /* Airports Data */ = {isa = PBXFileReference; lastKnownFileType = folder; path = "Airports Data"; sourceTree = "<group>"; };
		049CA2531EDD20030067AAD8 /* AirportCustomTableViewCell.swift */ = {isa = PBXFileReference; fileEncoding = 4; lastKnownFileType = sourcecode.swift; path = AirportCustomTableViewCell.swift; sourceTree = "<group>"; };
		049CA2551EDD2E870067AAD8 /* AirportDetailViewController.swift */ = {isa = PBXFileReference; fileEncoding = 4; lastKnownFileType = sourcecode.swift; path = AirportDetailViewController.swift; sourceTree = "<group>"; };
/* End PBXFileReference section */

/* Begin PBXFrameworksBuildPhase section */
		043FAB5B1EDB3A8F000F7862 /* Frameworks */ = {
			isa = PBXFrameworksBuildPhase;
			buildActionMask = 2147483647;
			files = (
			);
			runOnlyForDeploymentPostprocessing = 0;
		};
/* End PBXFrameworksBuildPhase section */

/* Begin PBXGroup section */
		043FAB551EDB3A8F000F7862 = {
			isa = PBXGroup;
			children = (
				043FAB601EDB3A8F000F7862 /* HW3 */,
				043FAB5F1EDB3A8F000F7862 /* Products */,
			);
			sourceTree = "<group>";
		};
		043FAB5F1EDB3A8F000F7862 /* Products */ = {
			isa = PBXGroup;
			children = (
				043FAB5E1EDB3A8F000F7862 /* HW3.app */,
			);
			name = Products;
			sourceTree = "<group>";
		};
		043FAB601EDB3A8F000F7862 /* HW3 */ = {
			isa = PBXGroup;
			children = (
				0443B5E21EDD737B0090652A /* Airports Data */,
				043FAB611EDB3A8F000F7862 /* AppDelegate.swift */,
				049CA2531EDD20030067AAD8 /* AirportCustomTableViewCell.swift */,
				043FAB771EDC88D7000F7862 /* AirportListViewController.swift */,
				049CA2551EDD2E870067AAD8 /* AirportDetailViewController.swift */,
				043FAB651EDB3A8F000F7862 /* Main.storyboard */,
				043FAB681EDB3A8F000F7862 /* Assets.xcassets */,
				043FAB6A1EDB3A8F000F7862 /* LaunchScreen.storyboard */,
				043FAB6D1EDB3A8F000F7862 /* Info.plist */,
			);
			path = HW3;
			sourceTree = "<group>";
		};
/* End PBXGroup section */

/* Begin PBXNativeTarget section */
		043FAB5D1EDB3A8F000F7862 /* HW3 */ = {
			isa = PBXNativeTarget;
			buildConfigurationList = 043FAB701EDB3A8F000F7862 /* Build configuration list for PBXNativeTarget "HW3" */;
			buildPhases = (
				043FAB5A1EDB3A8F000F7862 /* Sources */,
				043FAB5B1EDB3A8F000F7862 /* Frameworks */,
				043FAB5C1EDB3A8F000F7862 /* Resources */,
			);
			buildRules = (
			);
			dependencies = (
			);
			name = HW3;
			productName = HW3;
			productReference = 043FAB5E1EDB3A8F000F7862 /* HW3.app */;
			productType = "com.apple.product-type.application";
		};
/* End PBXNativeTarget section */

/* Begin PBXProject section */
		043FAB561EDB3A8F000F7862 /* Project object */ = {
			isa = PBXProject;
			attributes = {
				LastSwiftUpdateCheck = 0830;
				LastUpgradeCheck = 0830;
				ORGANIZATIONNAME = MAC;
				TargetAttributes = {
					043FAB5D1EDB3A8F000F7862 = {
						CreatedOnToolsVersion = 8.3.2;
						ProvisioningStyle = Automatic;
					};
				};
			};
			buildConfigurationList = 043FAB591EDB3A8F000F7862 /* Build configuration list for PBXProject "HW3" */;
			compatibilityVersion = "Xcode 3.2";
			developmentRegion = English;
			hasScannedForEncodings = 0;
			knownRegions = (
				en,
				Base,
			);
			mainGroup = 043FAB551EDB3A8F000F7862;
			productRefGroup = 043FAB5F1EDB3A8F000F7862 /* Products */;
			projectDirPath = "";
			projectRoot = "";
			targets = (
				043FAB5D1EDB3A8F000F7862 /* HW3 */,
			);
		};
/* End PBXProject section */

/* Begin PBXResourcesBuildPhase section */
		043FAB5C1EDB3A8F000F7862 /* Resources */ = {
			isa = PBXResourcesBuildPhase;
			buildActionMask = 2147483647;
			files = (
				043FAB6C1EDB3A8F000F7862 /* LaunchScreen.storyboard in Resources */,
				043FAB691EDB3A8F000F7862 /* Assets.xcassets in Resources */,
				043FAB671EDB3A8F000F7862 /* Main.storyboard in Resources */,
				0443B5E31EDD737B0090652A /* Airports Data in Resources */,
			);
			runOnlyForDeploymentPostprocessing = 0;
		};
/* End PBXResourcesBuildPhase section */

/* Begin PBXSourcesBuildPhase section */
		043FAB5A1EDB3A8F000F7862 /* Sources */ = {
			isa = PBXSourcesBuildPhase;
			buildActionMask = 2147483647;
			files = (
				049CA2541EDD20030067AAD8 /* AirportCustomTableViewCell.swift in Sources */,
				049CA2561EDD2E870067AAD8 /* AirportDetailViewController.swift in Sources */,
				043FAB781EDC88D7000F7862 /* AirportListViewController.swift in Sources */,
				043FAB621EDB3A8F000F7862 /* AppDelegate.swift in Sources */,
			);
			runOnlyForDeploymentPostprocessing = 0;
		};
/* End PBXSourcesBuildPhase section */

/* Begin PBXVariantGroup section */
		043FAB651EDB3A8F000F7862 /* Main.storyboard */ = {
			isa = PBXVariantGroup;
			children = (
				043FAB661EDB3A8F000F7862 /* Base */,
			);
			name = Main.storyboard;
			sourceTree = "<group>";
		};
		043FAB6A1EDB3A8F000F7862 /* LaunchScreen.storyboard */ = {
			isa = PBXVariantGroup;
			children = (
				043FAB6B1EDB3A8F000F7862 /* Base */,
			);
			name = LaunchScreen.storyboard;
			sourceTree = "<group>";
		};
/* End PBXVariantGroup section */

/* Begin XCBuildConfiguration section */
		043FAB6E1EDB3A8F000F7862 /* Debug */ = {
			isa = XCBuildConfiguration;
			buildSettings = {
				ALWAYS_SEARCH_USER_PATHS = NO;
				CLANG_ANALYZER_NONNULL = YES;
				CLANG_ANALYZER_NUMBER_OBJECT_CONVERSION = YES_AGGRESSIVE;
				CLANG_CXX_LANGUAGE_STANDARD = "gnu++0x";
				CLANG_CXX_LIBRARY = "libc++";
				CLANG_ENABLE_MODULES = YES;
				CLANG_ENABLE_OBJC_ARC = YES;
				CLANG_WARN_BOOL_CONVERSION = YES;
				CLANG_WARN_CONSTANT_CONVERSION = YES;
				CLANG_WARN_DIRECT_OBJC_ISA_USAGE = YES_ERROR;
				CLANG_WARN_DOCUMENTATION_COMMENTS = YES;
				CLANG_WARN_EMPTY_BODY = YES;
				CLANG_WARN_ENUM_CONVERSION = YES;
				CLANG_WARN_INFINITE_RECURSION = YES;
				CLANG_WARN_INT_CONVERSION = YES;
				CLANG_WARN_OBJC_ROOT_CLASS = YES_ERROR;
				CLANG_WARN_SUSPICIOUS_MOVE = YES;
				CLANG_WARN_UNREACHABLE_CODE = YES;
				CLANG_WARN__DUPLICATE_METHOD_MATCH = YES;
				"CODE_SIGN_IDENTITY[sdk=iphoneos*]" = "iPhone Developer";
				COPY_PHASE_STRIP = NO;
				DEBUG_INFORMATION_FORMAT = dwarf;
				ENABLE_STRICT_OBJC_MSGSEND = YES;
				ENABLE_TESTABILITY = YES;
				GCC_C_LANGUAGE_STANDARD = gnu99;
				GCC_DYNAMIC_NO_PIC = NO;
				GCC_NO_COMMON_BLOCKS = YES;
				GCC_OPTIMIZATION_LEVEL = 0;
				GCC_PREPROCESSOR_DEFINITIONS = (
					"DEBUG=1",
					"$(inherited)",
				);
				GCC_WARN_64_TO_32_BIT_CONVERSION = YES;
				GCC_WARN_ABOUT_RETURN_TYPE = YES_ERROR;
				GCC_WARN_UNDECLARED_SELECTOR = YES;
				GCC_WARN_UNINITIALIZED_AUTOS = YES_AGGRESSIVE;
				GCC_WARN_UNUSED_FUNCTION = YES;
				GCC_WARN_UNUSED_VARIABLE = YES;
				IPHONEOS_DEPLOYMENT_TARGET = 10.3;
				MTL_ENABLE_DEBUG_INFO = YES;
				ONLY_ACTIVE_ARCH = YES;
				SDKROOT = iphoneos;
				SWIFT_ACTIVE_COMPILATION_CONDITIONS = DEBUG;
				SWIFT_OPTIMIZATION_LEVEL = "-Onone";
			};
			name = Debug;
		};
		043FAB6F1EDB3A8F000F7862 /* Release */ = {
			isa = XCBuildConfiguration;
			buildSettings = {
				ALWAYS_SEARCH_USER_PATHS = NO;
				CLANG_ANALYZER_NONNULL = YES;
				CLANG_ANALYZER_NUMBER_OBJECT_CONVERSION = YES_AGGRESSIVE;
				CLANG_CXX_LANGUAGE_STANDARD = "gnu++0x";
				CLANG_CXX_LIBRARY = "libc++";
				CLANG_ENABLE_MODULES = YES;
				CLANG_ENABLE_OBJC_ARC = YES;
				CLANG_WARN_BOOL_CONVERSION = YES;
				CLANG_WARN_CONSTANT_CONVERSION = YES;
				CLANG_WARN_DIRECT_OBJC_ISA_USAGE = YES_ERROR;
				CLANG_WARN_DOCUMENTATION_COMMENTS = YES;
				CLANG_WARN_EMPTY_BODY = YES;
				CLANG_WARN_ENUM_CONVERSION = YES;
				CLANG_WARN_INFINITE_RECURSION = YES;
				CLANG_WARN_INT_CONVERSION = YES;
				CLANG_WARN_OBJC_ROOT_CLASS = YES_ERROR;
				CLANG_WARN_SUSPICIOUS_MOVE = YES;
				CLANG_WARN_UNREACHABLE_CODE = YES;
				CLANG_WARN__DUPLICATE_METHOD_MATCH = YES;
				"CODE_SIGN_IDENTITY[sdk=iphoneos*]" = "iPhone Developer";
				COPY_PHASE_STRIP = NO;
				DEBUG_INFORMATION_FORMAT = "dwarf-with-dsym";
				ENABLE_NS_ASSERTIONS = NO;
				ENABLE_STRICT_OBJC_MSGSEND = YES;
				GCC_C_LANGUAGE_STANDARD = gnu99;
				GCC_NO_COMMON_BLOCKS = YES;
				GCC_WARN_64_TO_32_BIT_CONVERSION = YES;
				GCC_WARN_ABOUT_RETURN_TYPE = YES_ERROR;
				GCC_WARN_UNDECLARED_SELECTOR = YES;
				GCC_WARN_UNINITIALIZED_AUTOS = YES_AGGRESSIVE;
				GCC_WARN_UNUSED_FUNCTION = YES;
				GCC_WARN_UNUSED_VARIABLE = YES;
				IPHONEOS_DEPLOYMENT_TARGET = 10.3;
				MTL_ENABLE_DEBUG_INFO = NO;
				SDKROOT = iphoneos;
				SWIFT_OPTIMIZATION_LEVEL = "-Owholemodule";
				VALIDATE_PRODUCT = YES;
			};
			name = Release;
		};
		043FAB711EDB3A8F000F7862 /* Debug */ = {
			isa = XCBuildConfiguration;
			buildSettings = {
				ASSETCATALOG_COMPILER_APPICON_NAME = AppIcon;
				INFOPLIST_FILE = HW3/Info.plist;
				LD_RUNPATH_SEARCH_PATHS = "$(inherited) @executable_path/Frameworks";
				PRODUCT_BUNDLE_IDENTIFIER = jimmy.HW3;
				PRODUCT_NAME = "$(TARGET_NAME)";
				SWIFT_VERSION = 3.0;
			};
			name = Debug;
		};
		043FAB721EDB3A8F000F7862 /* Release */ = {
			isa = XCBuildConfiguration;
			buildSettings = {
				ASSETCATALOG_COMPILER_APPICON_NAME = AppIcon;
				INFOPLIST_FILE = HW3/Info.plist;
				LD_RUNPATH_SEARCH_PATHS = "$(inherited) @executable_path/Frameworks";
				PRODUCT_BUNDLE_IDENTIFIER = jimmy.HW3;
				PRODUCT_NAME = "$(TARGET_NAME)";
				SWIFT_VERSION = 3.0;
			};
			name = Release;
		};
/* End XCBuildConfiguration section */

/* Begin XCConfigurationList section */
		043FAB591EDB3A8F000F7862 /* Build configuration list for PBXProject "HW3" */ = {
			isa = XCConfigurationList;
			buildConfigurations = (
				043FAB6E1EDB3A8F000F7862 /* Debug */,
				043FAB6F1EDB3A8F000F7862 /* Release */,
			);
			defaultConfigurationIsVisible = 0;
			defaultConfigurationName = Release;
		};
		043FAB701EDB3A8F000F7862 /* Build configuration list for PBXNativeTarget "HW3" */ = {
			isa = XCConfigurationList;
			buildConfigurations = (
				043FAB711EDB3A8F000F7862 /* Debug */,
				043FAB721EDB3A8F000F7862 /* Release */,
			);
			defaultConfigurationIsVisible = 0;
			defaultConfigurationName = Release;
		};
/* End XCConfigurationList section */
	};
	rootObject = 043FAB561EDB3A8F000F7862 /* Project object */;
}
